
Microsoft Visual Studio Solution File, Format Version 12.00
# Visual Studio Version 17
VisualStudioVersion = 17.0.31903.59
MinimumVisualStudioVersion = 10.0.40219.1
Project("{2150E333-8FDC-42A3-9474-1A3956D46DE8}") = "src", "src", "{827E0CD3-B72D-47B6-A68D-7590B98EB39B}"
EndProject
Project("{2150E333-8FDC-42A3-9474-1A3956D46DE8}") = "tests", "tests", "{13660C88-ADCD-4142-86F3-CDFA17E9B1C7}"
EndProject
Project("{FAE04EC0-301F-11D3-BF4B-00C04F79EFBC}") = "PSO.AdminApi", "src\PSO.AdminApi\PSO.AdminApi.csproj", "{C18D537E-42D5-415D-B408-4EC1A6628D83}"
EndProject
Project("{FAE04EC0-301F-11D3-BF4B-00C04F79EFBC}") = "PSO.Auth", "src\PSO.Auth\PSO.Auth.csproj", "{7E9D562F-75BC-4262-99B5-8AA4FD65DB7A}"
EndProject
Project("{FAE04EC0-301F-11D3-BF4B-00C04F79EFBC}") = "PSO.Login", "src\PSO.Login\PSO.Login.csproj", "{4A25BAD1-B7F8-4B7D-B760-7848A2AF1CA5}"
EndProject
Project("{FAE04EC0-301F-11D3-BF4B-00C04F79EFBC}") = "PSO.Net", "src\PSO.Net\PSO.Net.csproj", "{BE1C7CC4-EA1A-43EF-9D9B-C6A3EF864554}"
EndProject
Project("{FAE04EC0-301F-11D3-BF4B-00C04F79EFBC}") = "PSO.Proto", "src\PSO.Proto\PSO.Proto.csproj", "{F47F873B-DD1F-4AFE-8D0E-C5A281E9AB8F}"
EndProject
Project("{FAE04EC0-301F-11D3-BF4B-00C04F79EFBC}") = "PSO.Proxy", "src\PSO.Proxy\PSO.Proxy.csproj", "{7A72133B-7931-43C3-A8DB-6F9B63B63001}"
EndProject
Project("{FAE04EC0-301F-11D3-BF4B-00C04F79EFBC}") = "PSO.Ship", "src\PSO.Ship\PSO.Ship.csproj", "{CFE53E1A-EFA3-4B21-A504-6D10B1F0A054}"
EndProject
Project("{FAE04EC0-301F-11D3-BF4B-00C04F79EFBC}") = "PhotonCore.Tests", "tests\PhotonCore.Tests\PhotonCore.Tests.csproj", "{A5880F83-FE04-4B89-B278-CED766E18775}"
EndProject
Global
	GlobalSection(SolutionConfigurationPlatforms) = preSolution
		Debug|Any CPU = Debug|Any CPU
		Debug|x64 = Debug|x64
		Debug|x86 = Debug|x86
		Release|Any CPU = Release|Any CPU
		Release|x64 = Release|x64
		Release|x86 = Release|x86
	EndGlobalSection
	GlobalSection(ProjectConfigurationPlatforms) = postSolution
		{C18D537E-42D5-415D-B408-4EC1A6628D83}.Debug|Any CPU.ActiveCfg = Debug|Any CPU
		{C18D537E-42D5-415D-B408-4EC1A6628D83}.Debug|Any CPU.Build.0 = Debug|Any CPU
		{C18D537E-42D5-415D-B408-4EC1A6628D83}.Debug|x64.ActiveCfg = Debug|Any CPU
		{C18D537E-42D5-415D-B408-4EC1A6628D83}.Debug|x64.Build.0 = Debug|Any CPU
		{C18D537E-42D5-415D-B408-4EC1A6628D83}.Debug|x86.ActiveCfg = Debug|Any CPU
		{C18D537E-42D5-415D-B408-4EC1A6628D83}.Debug|x86.Build.0 = Debug|Any CPU
		{C18D537E-42D5-415D-B408-4EC1A6628D83}.Release|Any CPU.ActiveCfg = Release|Any CPU
		{C18D537E-42D5-415D-B408-4EC1A6628D83}.Release|Any CPU.Build.0 = Release|Any CPU
		{C18D537E-42D5-415D-B408-4EC1A6628D83}.Release|x64.ActiveCfg = Release|Any CPU
		{C18D537E-42D5-415D-B408-4EC1A6628D83}.Release|x64.Build.0 = Release|Any CPU
		{C18D537E-42D5-415D-B408-4EC1A6628D83}.Release|x86.ActiveCfg = Release|Any CPU
		{C18D537E-42D5-415D-B408-4EC1A6628D83}.Release|x86.Build.0 = Release|Any CPU
		{7E9D562F-75BC-4262-99B5-8AA4FD65DB7A}.Debug|Any CPU.ActiveCfg = Debug|Any CPU
		{7E9D562F-75BC-4262-99B5-8AA4FD65DB7A}.Debug|Any CPU.Build.0 = Debug|Any CPU
		{7E9D562F-75BC-4262-99B5-8AA4FD65DB7A}.Debug|x64.ActiveCfg = Debug|Any CPU
		{7E9D562F-75BC-4262-99B5-8AA4FD65DB7A}.Debug|x64.Build.0 = Debug|Any CPU
		{7E9D562F-75BC-4262-99B5-8AA4FD65DB7A}.Debug|x86.ActiveCfg = Debug|Any CPU
		{7E9D562F-75BC-4262-99B5-8AA4FD65DB7A}.Debug|x86.Build.0 = Debug|Any CPU
		{7E9D562F-75BC-4262-99B5-8AA4FD65DB7A}.Release|Any CPU.ActiveCfg = Release|Any CPU
		{7E9D562F-75BC-4262-99B5-8AA4FD65DB7A}.Release|Any CPU.Build.0 = Release|Any CPU
		{7E9D562F-75BC-4262-99B5-8AA4FD65DB7A}.Release|x64.ActiveCfg = Release|Any CPU
		{7E9D562F-75BC-4262-99B5-8AA4FD65DB7A}.Release|x64.Build.0 = Release|Any CPU
		{7E9D562F-75BC-4262-99B5-8AA4FD65DB7A}.Release|x86.ActiveCfg = Release|Any CPU
		{7E9D562F-75BC-4262-99B5-8AA4FD65DB7A}.Release|x86.Build.0 = Release|Any CPU
		{4A25BAD1-B7F8-4B7D-B760-7848A2AF1CA5}.Debug|Any CPU.ActiveCfg = Debug|Any CPU
		{4A25BAD1-B7F8-4B7D-B760-7848A2AF1CA5}.Debug|Any CPU.Build.0 = Debug|Any CPU
		{4A25BAD1-B7F8-4B7D-B760-7848A2AF1CA5}.Debug|x64.ActiveCfg = Debug|Any CPU
		{4A25BAD1-B7F8-4B7D-B760-7848A2AF1CA5}.Debug|x64.Build.0 = Debug|Any CPU
		{4A25BAD1-B7F8-4B7D-B760-7848A2AF1CA5}.Debug|x86.ActiveCfg = Debug|Any CPU
		{4A25BAD1-B7F8-4B7D-B760-7848A2AF1CA5}.Debug|x86.Build.0 = Debug|Any CPU
		{4A25BAD1-B7F8-4B7D-B760-7848A2AF1CA5}.Release|Any CPU.ActiveCfg = Release|Any CPU
		{4A25BAD1-B7F8-4B7D-B760-7848A2AF1CA5}.Release|Any CPU.Build.0 = Release|Any CPU
		{4A25BAD1-B7F8-4B7D-B760-7848A2AF1CA5}.Release|x64.ActiveCfg = Release|Any CPU
		{4A25BAD1-B7F8-4B7D-B760-7848A2AF1CA5}.Release|x64.Build.0 = Release|Any CPU
		{4A25BAD1-B7F8-4B7D-B760-7848A2AF1CA5}.Release|x86.ActiveCfg = Release|Any CPU
		{4A25BAD1-B7F8-4B7D-B760-7848A2AF1CA5}.Release|x86.Build.0 = Release|Any CPU
		{BE1C7CC4-EA1A-43EF-9D9B-C6A3EF864554}.Debug|Any CPU.ActiveCfg = Debug|Any CPU
		{BE1C7CC4-EA1A-43EF-9D9B-C6A3EF864554}.Debug|Any CPU.Build.0 = Debug|Any CPU
		{BE1C7CC4-EA1A-43EF-9D9B-C6A3EF864554}.Debug|x64.ActiveCfg = Debug|Any CPU
		{BE1C7CC4-EA1A-43EF-9D9B-C6A3EF864554}.Debug|x64.Build.0 = Debug|Any CPU
		{BE1C7CC4-EA1A-43EF-9D9B-C6A3EF864554}.Debug|x86.ActiveCfg = Debug|Any CPU
		{BE1C7CC4-EA1A-43EF-9D9B-C6A3EF864554}.Debug|x86.Build.0 = Debug|Any CPU
		{BE1C7CC4-EA1A-43EF-9D9B-C6A3EF864554}.Release|Any CPU.ActiveCfg = Release|Any CPU
		{BE1C7CC4-EA1A-43EF-9D9B-C6A3EF864554}.Release|Any CPU.Build.0 = Release|Any CPU
		{BE1C7CC4-EA1A-43EF-9D9B-C6A3EF864554}.Release|x64.ActiveCfg = Release|Any CPU
		{BE1C7CC4-EA1A-43EF-9D9B-C6A3EF864554}.Release|x64.Build.0 = Release|Any CPU
		{BE1C7CC4-EA1A-43EF-9D9B-C6A3EF864554}.Release|x86.ActiveCfg = Release|Any CPU
		{BE1C7CC4-EA1A-43EF-9D9B-C6A3EF864554}.Release|x86.Build.0 = Release|Any CPU
		{F47F873B-DD1F-4AFE-8D0E-C5A281E9AB8F}.Debug|Any CPU.ActiveCfg = Debug|Any CPU
		{F47F873B-DD1F-4AFE-8D0E-C5A281E9AB8F}.Debug|Any CPU.Build.0 = Debug|Any CPU
		{F47F873B-DD1F-4AFE-8D0E-C5A281E9AB8F}.Debug|x64.ActiveCfg = Debug|Any CPU
		{F47F873B-DD1F-4AFE-8D0E-C5A281E9AB8F}.Debug|x64.Build.0 = Debug|Any CPU
		{F47F873B-DD1F-4AFE-8D0E-C5A281E9AB8F}.Debug|x86.ActiveCfg = Debug|Any CPU
		{F47F873B-DD1F-4AFE-8D0E-C5A281E9AB8F}.Debug|x86.Build.0 = Debug|Any CPU
		{F47F873B-DD1F-4AFE-8D0E-C5A281E9AB8F}.Release|Any CPU.ActiveCfg = Release|Any CPU
		{F47F873B-DD1F-4AFE-8D0E-C5A281E9AB8F}.Release|Any CPU.Build.0 = Release|Any CPU
		{F47F873B-DD1F-4AFE-8D0E-C5A281E9AB8F}.Release|x64.ActiveCfg = Release|Any CPU
		{F47F873B-DD1F-4AFE-8D0E-C5A281E9AB8F}.Release|x64.Build.0 = Release|Any CPU
		{F47F873B-DD1F-4AFE-8D0E-C5A281E9AB8F}.Release|x86.ActiveCfg = Release|Any CPU
		{F47F873B-DD1F-4AFE-8D0E-C5A281E9AB8F}.Release|x86.Build.0 = Release|Any CPU
		{7A72133B-7931-43C3-A8DB-6F9B63B63001}.Debug|Any CPU.ActiveCfg = Debug|Any CPU
		{7A72133B-7931-43C3-A8DB-6F9B63B63001}.Debug|Any CPU.Build.0 = Debug|Any CPU
		{7A72133B-7931-43C3-A8DB-6F9B63B63001}.Debug|x64.ActiveCfg = Debug|Any CPU
		{7A72133B-7931-43C3-A8DB-6F9B63B63001}.Debug|x64.Build.0 = Debug|Any CPU
		{7A72133B-7931-43C3-A8DB-6F9B63B63001}.Debug|x86.ActiveCfg = Debug|Any CPU
		{7A72133B-7931-43C3-A8DB-6F9B63B63001}.Debug|x86.Build.0 = Debug|Any CPU
		{7A72133B-7931-43C3-A8DB-6F9B63B63001}.Release|Any CPU.ActiveCfg = Release|Any CPU
		{7A72133B-7931-43C3-A8DB-6F9B63B63001}.Release|Any CPU.Build.0 = Release|Any CPU
		{7A72133B-7931-43C3-A8DB-6F9B63B63001}.Release|x64.ActiveCfg = Release|Any CPU
		{7A72133B-7931-43C3-A8DB-6F9B63B63001}.Release|x64.Build.0 = Release|Any CPU
		{7A72133B-7931-43C3-A8DB-6F9B63B63001}.Release|x86.ActiveCfg = Release|Any CPU
		{7A72133B-7931-43C3-A8DB-6F9B63B63001}.Release|x86.Build.0 = Release|Any CPU
		{CFE53E1A-EFA3-4B21-A504-6D10B1F0A054}.Debug|Any CPU.ActiveCfg = Debug|Any CPU
		{CFE53E1A-EFA3-4B21-A504-6D10B1F0A054}.Debug|Any CPU.Build.0 = Debug|Any CPU
		{CFE53E1A-EFA3-4B21-A504-6D10B1F0A054}.Debug|x64.ActiveCfg = Debug|Any CPU
		{CFE53E1A-EFA3-4B21-A504-6D10B1F0A054}.Debug|x64.Build.0 = Debug|Any CPU
		{CFE53E1A-EFA3-4B21-A504-6D10B1F0A054}.Debug|x86.ActiveCfg = Debug|Any CPU
		{CFE53E1A-EFA3-4B21-A504-6D10B1F0A054}.Debug|x86.Build.0 = Debug|Any CPU
		{CFE53E1A-EFA3-4B21-A504-6D10B1F0A054}.Release|Any CPU.ActiveCfg = Release|Any CPU
		{CFE53E1A-EFA3-4B21-A504-6D10B1F0A054}.Release|Any CPU.Build.0 = Release|Any CPU
		{CFE53E1A-EFA3-4B21-A504-6D10B1F0A054}.Release|x64.ActiveCfg = Release|Any CPU
		{CFE53E1A-EFA3-4B21-A504-6D10B1F0A054}.Release|x64.Build.0 = Release|Any CPU
                {CFE53E1A-EFA3-4B21-A504-6D10B1F0A054}.Release|x86.ActiveCfg = Release|Any CPU
                {CFE53E1A-EFA3-4B21-A504-6D10B1F0A054}.Release|x86.Build.0 = Release|Any CPU
                {A5880F83-FE04-4B89-B278-CED766E18775}.Debug|Any CPU.ActiveCfg = Debug|Any CPU
                {A5880F83-FE04-4B89-B278-CED766E18775}.Debug|Any CPU.Build.0 = Debug|Any CPU
                {A5880F83-FE04-4B89-B278-CED766E18775}.Debug|x64.ActiveCfg = Debug|Any CPU
                {A5880F83-FE04-4B89-B278-CED766E18775}.Debug|x64.Build.0 = Debug|Any CPU
                {A5880F83-FE04-4B89-B278-CED766E18775}.Debug|x86.ActiveCfg = Debug|Any CPU
                {A5880F83-FE04-4B89-B278-CED766E18775}.Debug|x86.Build.0 = Debug|Any CPU
                {A5880F83-FE04-4B89-B278-CED766E18775}.Release|Any CPU.ActiveCfg = Release|Any CPU
                {A5880F83-FE04-4B89-B278-CED766E18775}.Release|Any CPU.Build.0 = Release|Any CPU
                {A5880F83-FE04-4B89-B278-CED766E18775}.Release|x64.ActiveCfg = Release|Any CPU
                {A5880F83-FE04-4B89-B278-CED766E18775}.Release|x64.Build.0 = Release|Any CPU
                {A5880F83-FE04-4B89-B278-CED766E18775}.Release|x86.ActiveCfg = Release|Any CPU
                {A5880F83-FE04-4B89-B278-CED766E18775}.Release|x86.Build.0 = Release|Any CPU
        EndGlobalSection
        GlobalSection(SolutionProperties) = preSolution
                HideSolutionNode = FALSE
        EndGlobalSection
        GlobalSection(NestedProjects) = preSolution
                {C18D537E-42D5-415D-B408-4EC1A6628D83} = {827E0CD3-B72D-47B6-A68D-7590B98EB39B}
		{7E9D562F-75BC-4262-99B5-8AA4FD65DB7A} = {827E0CD3-B72D-47B6-A68D-7590B98EB39B}
		{4A25BAD1-B7F8-4B7D-B760-7848A2AF1CA5} = {827E0CD3-B72D-47B6-A68D-7590B98EB39B}
		{BE1C7CC4-EA1A-43EF-9D9B-C6A3EF864554} = {827E0CD3-B72D-47B6-A68D-7590B98EB39B}
		{F47F873B-DD1F-4AFE-8D0E-C5A281E9AB8F} = {827E0CD3-B72D-47B6-A68D-7590B98EB39B}
                {7A72133B-7931-43C3-A8DB-6F9B63B63001} = {827E0CD3-B72D-47B6-A68D-7590B98EB39B}
                {CFE53E1A-EFA3-4B21-A504-6D10B1F0A054} = {827E0CD3-B72D-47B6-A68D-7590B98EB39B}
                {A5880F83-FE04-4B89-B278-CED766E18775} = {13660C88-ADCD-4142-86F3-CDFA17E9B1C7}
        EndGlobalSection
EndGlobal
